// !$*UTF8*$!
{
	archiveVersion = 1;
	classes = {
	};
	objectVersion = 46;
	objects = {

/* Begin PBXBuildFile section */
		3A26F7ED1A0D23FA000A9D90 /* MCTransceiver.h in Headers */ = {isa = PBXBuildFile; fileRef = 3A26F7E91A0D23FA000A9D90 /* MCTransceiver.h */; settings = {ATTRIBUTES = (Public, ); }; };
		3A26F7EE1A0D23FA000A9D90 /* MCTransceiver.m in Sources */ = {isa = PBXBuildFile; fileRef = 3A26F7EA1A0D23FA000A9D90 /* MCTransceiver.m */; };
		3ACE21B31A0C0E4700828800 /* MultipeerKit_OSX.h in Headers */ = {isa = PBXBuildFile; fileRef = 3ACE21B21A0C0E4700828800 /* MultipeerKit_OSX.h */; settings = {ATTRIBUTES = (Public, ); }; };
		3ACE21B91A0C0E4700828800 /* MultipeerKit_OSX.framework in Frameworks */ = {isa = PBXBuildFile; fileRef = 3ACE21AD1A0C0E4700828800 /* MultipeerKit_OSX.framework */; };
		3ACE21C01A0C0E4700828800 /* MultipeerKit_OSXTests.m in Sources */ = {isa = PBXBuildFile; fileRef = 3ACE21BF1A0C0E4700828800 /* MultipeerKit_OSXTests.m */; };
/* End PBXBuildFile section */

/* Begin PBXContainerItemProxy section */
		3ACE21BA1A0C0E4700828800 /* PBXContainerItemProxy */ = {
			isa = PBXContainerItemProxy;
			containerPortal = 3ACE21A41A0C0E4700828800 /* Project object */;
			proxyType = 1;
			remoteGlobalIDString = 3ACE21AC1A0C0E4700828800;
			remoteInfo = MultipeerKit_OSX;
		};
/* End PBXContainerItemProxy section */

/* Begin PBXFileReference section */
		3A26F7E91A0D23FA000A9D90 /* MCTransceiver.h */ = {isa = PBXFileReference; fileEncoding = 4; lastKnownFileType = sourcecode.c.h; path = MCTransceiver.h; sourceTree = "<group>"; };
		3A26F7EA1A0D23FA000A9D90 /* MCTransceiver.m */ = {isa = PBXFileReference; fileEncoding = 4; lastKnownFileType = sourcecode.c.objc; path = MCTransceiver.m; sourceTree = "<group>"; };
		3ACE21AD1A0C0E4700828800 /* MultipeerKit_OSX.framework */ = {isa = PBXFileReference; explicitFileType = wrapper.framework; includeInIndex = 0; path = MultipeerKit_OSX.framework; sourceTree = BUILT_PRODUCTS_DIR; };
		3ACE21B11A0C0E4700828800 /* Info.plist */ = {isa = PBXFileReference; lastKnownFileType = text.plist.xml; path = Info.plist; sourceTree = "<group>"; };
		3ACE21B21A0C0E4700828800 /* MultipeerKit_OSX.h */ = {isa = PBXFileReference; lastKnownFileType = sourcecode.c.h; path = MultipeerKit_OSX.h; sourceTree = "<group>"; };
		3ACE21B81A0C0E4700828800 /* MultipeerKit_OSXTests.xctest */ = {isa = PBXFileReference; explicitFileType = wrapper.cfbundle; includeInIndex = 0; path = MultipeerKit_OSXTests.xctest; sourceTree = BUILT_PRODUCTS_DIR; };
		3ACE21BE1A0C0E4700828800 /* Info.plist */ = {isa = PBXFileReference; lastKnownFileType = text.plist.xml; path = Info.plist; sourceTree = "<group>"; };
		3ACE21BF1A0C0E4700828800 /* MultipeerKit_OSXTests.m */ = {isa = PBXFileReference; lastKnownFileType = sourcecode.c.objc; path = MultipeerKit_OSXTests.m; sourceTree = "<group>"; };
/* End PBXFileReference section */

/* Begin PBXFrameworksBuildPhase section */
		3ACE21A91A0C0E4700828800 /* Frameworks */ = {
			isa = PBXFrameworksBuildPhase;
			buildActionMask = 2147483647;
			files = (
			);
			runOnlyForDeploymentPostprocessing = 0;
		};
		3ACE21B51A0C0E4700828800 /* Frameworks */ = {
			isa = PBXFrameworksBuildPhase;
			buildActionMask = 2147483647;
			files = (
				3ACE21B91A0C0E4700828800 /* MultipeerKit_OSX.framework in Frameworks */,
			);
			runOnlyForDeploymentPostprocessing = 0;
		};
/* End PBXFrameworksBuildPhase section */

/* Begin PBXGroup section */
		3A26F7EB1A0D23FA000A9D90 /* Common */ = {
			isa = PBXGroup;
			children = (
				3A26F7E91A0D23FA000A9D90 /* MCTransceiver.h */,
				3A26F7EA1A0D23FA000A9D90 /* MCTransceiver.m */,
			);
			path = Common;
			sourceTree = "<group>";
		};
		3A26F7EC1A0D23FA000A9D90 /* Source */ = {
			isa = PBXGroup;
			children = (
				3A26F7EB1A0D23FA000A9D90 /* Common */,
			);
			name = Source;
			path = ../../MultipeerKit_iOS/MultipeerKit_iOS/Source;
			sourceTree = "<group>";
		};
		3ACE21A31A0C0E4700828800 = {
			isa = PBXGroup;
			children = (
				3ACE21AF1A0C0E4700828800 /* MultipeerKit_OSX */,
				3ACE21BC1A0C0E4700828800 /* MultipeerKit_OSXTests */,
				3ACE21AE1A0C0E4700828800 /* Products */,
			);
			sourceTree = "<group>";
		};
		3ACE21AE1A0C0E4700828800 /* Products */ = {
			isa = PBXGroup;
			children = (
				3ACE21AD1A0C0E4700828800 /* MultipeerKit_OSX.framework */,
				3ACE21B81A0C0E4700828800 /* MultipeerKit_OSXTests.xctest */,
			);
			name = Products;
			sourceTree = "<group>";
		};
		3ACE21AF1A0C0E4700828800 /* MultipeerKit_OSX */ = {
			isa = PBXGroup;
			children = (
				3A26F7EC1A0D23FA000A9D90 /* Source */,
				3ACE21B21A0C0E4700828800 /* MultipeerKit_OSX.h */,
				3ACE21B01A0C0E4700828800 /* Supporting Files */,
			);
			path = MultipeerKit_OSX;
			sourceTree = "<group>";
		};
		3ACE21B01A0C0E4700828800 /* Supporting Files */ = {
			isa = PBXGroup;
			children = (
				3ACE21B11A0C0E4700828800 /* Info.plist */,
			);
			name = "Supporting Files";
			sourceTree = "<group>";
		};
		3ACE21BC1A0C0E4700828800 /* MultipeerKit_OSXTests */ = {
			isa = PBXGroup;
			children = (
				3ACE21BF1A0C0E4700828800 /* MultipeerKit_OSXTests.m */,
				3ACE21BD1A0C0E4700828800 /* Supporting Files */,
			);
			path = MultipeerKit_OSXTests;
			sourceTree = "<group>";
		};
		3ACE21BD1A0C0E4700828800 /* Supporting Files */ = {
			isa = PBXGroup;
			children = (
				3ACE21BE1A0C0E4700828800 /* Info.plist */,
			);
			name = "Supporting Files";
			sourceTree = "<group>";
		};
/* End PBXGroup section */

/* Begin PBXHeadersBuildPhase section */
		3ACE21AA1A0C0E4700828800 /* Headers */ = {
			isa = PBXHeadersBuildPhase;
			buildActionMask = 2147483647;
			files = (
				3ACE21B31A0C0E4700828800 /* MultipeerKit_OSX.h in Headers */,
				3A26F7ED1A0D23FA000A9D90 /* MCTransceiver.h in Headers */,
			);
			runOnlyForDeploymentPostprocessing = 0;
		};
/* End PBXHeadersBuildPhase section */

/* Begin PBXNativeTarget section */
		3ACE21AC1A0C0E4700828800 /* MultipeerKit_OSX */ = {
			isa = PBXNativeTarget;
			buildConfigurationList = 3ACE21C31A0C0E4700828800 /* Build configuration list for PBXNativeTarget "MultipeerKit_OSX" */;
			buildPhases = (
				3ACE21A81A0C0E4700828800 /* Sources */,
				3ACE21A91A0C0E4700828800 /* Frameworks */,
				3ACE21AA1A0C0E4700828800 /* Headers */,
				3ACE21AB1A0C0E4700828800 /* Resources */,
			);
			buildRules = (
			);
			dependencies = (
			);
			name = MultipeerKit_OSX;
			productName = MultipeerKit_OSX;
			productReference = 3ACE21AD1A0C0E4700828800 /* MultipeerKit_OSX.framework */;
			productType = "com.apple.product-type.framework";
		};
		3ACE21B71A0C0E4700828800 /* MultipeerKit_OSXTests */ = {
			isa = PBXNativeTarget;
			buildConfigurationList = 3ACE21C61A0C0E4700828800 /* Build configuration list for PBXNativeTarget "MultipeerKit_OSXTests" */;
			buildPhases = (
				3ACE21B41A0C0E4700828800 /* Sources */,
				3ACE21B51A0C0E4700828800 /* Frameworks */,
				3ACE21B61A0C0E4700828800 /* Resources */,
			);
			buildRules = (
			);
			dependencies = (
				3ACE21BB1A0C0E4700828800 /* PBXTargetDependency */,
			);
			name = MultipeerKit_OSXTests;
			productName = MultipeerKit_OSXTests;
			productReference = 3ACE21B81A0C0E4700828800 /* MultipeerKit_OSXTests.xctest */;
			productType = "com.apple.product-type.bundle.unit-test";
		};
/* End PBXNativeTarget section */

/* Begin PBXProject section */
		3ACE21A41A0C0E4700828800 /* Project object */ = {
			isa = PBXProject;
			attributes = {
				LastUpgradeCheck = 0610;
				ORGANIZATIONNAME = Microsoft;
				TargetAttributes = {
					3ACE21AC1A0C0E4700828800 = {
						CreatedOnToolsVersion = 6.1;
					};
					3ACE21B71A0C0E4700828800 = {
						CreatedOnToolsVersion = 6.1;
					};
				};
			};
			buildConfigurationList = 3ACE21A71A0C0E4700828800 /* Build configuration list for PBXProject "MultipeerKit_OSX" */;
			compatibilityVersion = "Xcode 3.2";
			developmentRegion = English;
			hasScannedForEncodings = 0;
			knownRegions = (
				en,
			);
			mainGroup = 3ACE21A31A0C0E4700828800;
			productRefGroup = 3ACE21AE1A0C0E4700828800 /* Products */;
			projectDirPath = "";
			projectRoot = "";
			targets = (
				3ACE21AC1A0C0E4700828800 /* MultipeerKit_OSX */,
				3ACE21B71A0C0E4700828800 /* MultipeerKit_OSXTests */,
			);
		};
/* End PBXProject section */

/* Begin PBXResourcesBuildPhase section */
		3ACE21AB1A0C0E4700828800 /* Resources */ = {
			isa = PBXResourcesBuildPhase;
			buildActionMask = 2147483647;
			files = (
			);
			runOnlyForDeploymentPostprocessing = 0;
		};
		3ACE21B61A0C0E4700828800 /* Resources */ = {
			isa = PBXResourcesBuildPhase;
			buildActionMask = 2147483647;
			files = (
			);
			runOnlyForDeploymentPostprocessing = 0;
		};
/* End PBXResourcesBuildPhase section */

/* Begin PBXSourcesBuildPhase section */
		3ACE21A81A0C0E4700828800 /* Sources */ = {
			isa = PBXSourcesBuildPhase;
			buildActionMask = 2147483647;
			files = (
				3A26F7EE1A0D23FA000A9D90 /* MCTransceiver.m in Sources */,
			);
			runOnlyForDeploymentPostprocessing = 0;
		};
		3ACE21B41A0C0E4700828800 /* Sources */ = {
			isa = PBXSourcesBuildPhase;
			buildActionMask = 2147483647;
			files = (
				3ACE21C01A0C0E4700828800 /* MultipeerKit_OSXTests.m in Sources */,
			);
			runOnlyForDeploymentPostprocessing = 0;
		};
/* End PBXSourcesBuildPhase section */

/* Begin PBXTargetDependency section */
		3ACE21BB1A0C0E4700828800 /* PBXTargetDependency */ = {
			isa = PBXTargetDependency;
			target = 3ACE21AC1A0C0E4700828800 /* MultipeerKit_OSX */;
			targetProxy = 3ACE21BA1A0C0E4700828800 /* PBXContainerItemProxy */;
		};
/* End PBXTargetDependency section */

/* Begin XCBuildConfiguration section */
		3ACE21C11A0C0E4700828800 /* Debug */ = {
			isa = XCBuildConfiguration;
			buildSettings = {
				ALWAYS_SEARCH_USER_PATHS = NO;
				CLANG_CXX_LANGUAGE_STANDARD = "gnu++0x";
				CLANG_CXX_LIBRARY = "libc++";
				CLANG_ENABLE_MODULES = YES;
				CLANG_ENABLE_OBJC_ARC = YES;
				CLANG_WARN_BOOL_CONVERSION = YES;
				CLANG_WARN_CONSTANT_CONVERSION = YES;
				CLANG_WARN_DIRECT_OBJC_ISA_USAGE = YES_ERROR;
				CLANG_WARN_EMPTY_BODY = YES;
				CLANG_WARN_ENUM_CONVERSION = YES;
				CLANG_WARN_INT_CONVERSION = YES;
				CLANG_WARN_OBJC_ROOT_CLASS = YES_ERROR;
				CLANG_WARN_UNREACHABLE_CODE = YES;
				CLANG_WARN__DUPLICATE_METHOD_MATCH = YES;
				COPY_PHASE_STRIP = NO;
				CURRENT_PROJECT_VERSION = 1;
				ENABLE_STRICT_OBJC_MSGSEND = YES;
				GCC_C_LANGUAGE_STANDARD = gnu99;
				GCC_DYNAMIC_NO_PIC = NO;
				GCC_OPTIMIZATION_LEVEL = 0;
				GCC_PREPROCESSOR_DEFINITIONS = (
					"DEBUG=1",
					"$(inherited)",
				);
				GCC_SYMBOLS_PRIVATE_EXTERN = NO;
				GCC_WARN_64_TO_32_BIT_CONVERSION = YES;
				GCC_WARN_ABOUT_RETURN_TYPE = YES_ERROR;
				GCC_WARN_UNDECLARED_SELECTOR = YES;
				GCC_WARN_UNINITIALIZED_AUTOS = YES_AGGRESSIVE;
				GCC_WARN_UNUSED_FUNCTION = YES;
				GCC_WARN_UNUSED_VARIABLE = YES;
				MACOSX_DEPLOYMENT_TARGET = 10.10;
				MTL_ENABLE_DEBUG_INFO = YES;
				ONLY_ACTIVE_ARCH = YES;
				SDKROOT = macosx;
				VERSIONING_SYSTEM = "apple-generic";
				VERSION_INFO_PREFIX = "";
			};
			name = Debug;
		};
		3ACE21C21A0C0E4700828800 /* Release */ = {
			isa = XCBuildConfiguration;
			buildSettings = {
				ALWAYS_SEARCH_USER_PATHS = NO;
				CLANG_CXX_LANGUAGE_STANDARD = "gnu++0x";
				CLANG_CXX_LIBRARY = "libc++";
				CLANG_ENABLE_MODULES = YES;
				CLANG_ENABLE_OBJC_ARC = YES;
				CLANG_WARN_BOOL_CONVERSION = YES;
				CLANG_WARN_CONSTANT_CONVERSION = YES;
				CLANG_WARN_DIRECT_OBJC_ISA_USAGE = YES_ERROR;
				CLANG_WARN_EMPTY_BODY = YES;
				CLANG_WARN_ENUM_CONVERSION = YES;
				CLANG_WARN_INT_CONVERSION = YES;
				CLANG_WARN_OBJC_ROOT_CLASS = YES_ERROR;
				CLANG_WARN_UNREACHABLE_CODE = YES;
				CLANG_WARN__DUPLICATE_METHOD_MATCH = YES;
				COPY_PHASE_STRIP = YES;
				CURRENT_PROJECT_VERSION = 1;
				DEBUG_INFORMATION_FORMAT = "dwarf-with-dsym";
				ENABLE_NS_ASSERTIONS = NO;
				ENABLE_STRICT_OBJC_MSGSEND = YES;
				GCC_C_LANGUAGE_STANDARD = gnu99;
				GCC_WARN_64_TO_32_BIT_CONVERSION = YES;
				GCC_WARN_ABOUT_RETURN_TYPE = YES_ERROR;
				GCC_WARN_UNDECLARED_SELECTOR = YES;
				GCC_WARN_UNINITIALIZED_AUTOS = YES_AGGRESSIVE;
				GCC_WARN_UNUSED_FUNCTION = YES;
				GCC_WARN_UNUSED_VARIABLE = YES;
				MACOSX_DEPLOYMENT_TARGET = 10.10;
				MTL_ENABLE_DEBUG_INFO = NO;
				SDKROOT = macosx;
				VERSIONING_SYSTEM = "apple-generic";
				VERSION_INFO_PREFIX = "";
			};
			name = Release;
		};
		3ACE21C41A0C0E4700828800 /* Debug */ = {
			isa = XCBuildConfiguration;
			buildSettings = {
				COMBINE_HIDPI_IMAGES = YES;
				DEFINES_MODULE = YES;
				DYLIB_COMPATIBILITY_VERSION = 1;
				DYLIB_CURRENT_VERSION = 1;
				DYLIB_INSTALL_NAME_BASE = "@rpath";
				FRAMEWORK_VERSION = A;
				INFOPLIST_FILE = MultipeerKit_OSX/Info.plist;
				INSTALL_PATH = "$(LOCAL_LIBRARY_DIR)/Frameworks";
				LD_RUNPATH_SEARCH_PATHS = "$(inherited) @executable_path/../Frameworks @loader_path/Frameworks";
				PRODUCT_NAME = "$(TARGET_NAME)";
				SKIP_INSTALL = YES;
			};
			name = Debug;
		};
		3ACE21C51A0C0E4700828800 /* Release */ = {
			isa = XCBuildConfiguration;
			buildSettings = {
				COMBINE_HIDPI_IMAGES = YES;
				DEFINES_MODULE = YES;
				DYLIB_COMPATIBILITY_VERSION = 1;
				DYLIB_CURRENT_VERSION = 1;
				DYLIB_INSTALL_NAME_BASE = "@rpath";
				FRAMEWORK_VERSION = A;
				INFOPLIST_FILE = MultipeerKit_OSX/Info.plist;
				INSTALL_PATH = "$(LOCAL_LIBRARY_DIR)/Frameworks";
				LD_RUNPATH_SEARCH_PATHS = "$(inherited) @executable_path/../Frameworks @loader_path/Frameworks";
				PRODUCT_NAME = "$(TARGET_NAME)";
				SKIP_INSTALL = YES;
			};
			name = Release;
		};
		3ACE21C71A0C0E4700828800 /* Debug */ = {
			isa = XCBuildConfiguration;
			buildSettings = {
				COMBINE_HIDPI_IMAGES = YES;
				FRAMEWORK_SEARCH_PATHS = (
					"$(DEVELOPER_FRAMEWORKS_DIR)",
					"$(inherited)",
				);
				GCC_PREPROCESSOR_DEFINITIONS = (
					"DEBUG=1",
					"$(inherited)",
				);
				INFOPLIST_FILE = MultipeerKit_OSXTests/Info.plist;
				LD_RUNPATH_SEARCH_PATHS = "$(inherited) @executable_path/../Frameworks @loader_path/../Frameworks";
				PRODUCT_NAME = "$(TARGET_NAME)";
			};
			name = Debug;
		};
		3ACE21C81A0C0E4700828800 /* Release */ = {
			isa = XCBuildConfiguration;
			buildSettings = {
				COMBINE_HIDPI_IMAGES = YES;
				FRAMEWORK_SEARCH_PATHS = (
					"$(DEVELOPER_FRAMEWORKS_DIR)",
					"$(inherited)",
				);
				INFOPLIST_FILE = MultipeerKit_OSXTests/Info.plist;
				LD_RUNPATH_SEARCH_PATHS = "$(inherited) @executable_path/../Frameworks @loader_path/../Frameworks";
				PRODUCT_NAME = "$(TARGET_NAME)";
			};
			name = Release;
		};
/* End XCBuildConfiguration section */

/* Begin XCConfigurationList section */
		3ACE21A71A0C0E4700828800 /* Build configuration list for PBXProject "MultipeerKit_OSX" */ = {
			isa = XCConfigurationList;
			buildConfigurations = (
				3ACE21C11A0C0E4700828800 /* Debug */,
				3ACE21C21A0C0E4700828800 /* Release */,
			);
			defaultConfigurationIsVisible = 0;
			defaultConfigurationName = Release;
		};
		3ACE21C31A0C0E4700828800 /* Build configuration list for PBXNativeTarget "MultipeerKit_OSX" */ = {
			isa = XCConfigurationList;
			buildConfigurations = (
				3ACE21C41A0C0E4700828800 /* Debug */,
				3ACE21C51A0C0E4700828800 /* Release */,
			);
			defaultConfigurationIsVisible = 0;
			defaultConfigurationName = Release;
		};
		3ACE21C61A0C0E4700828800 /* Build configuration list for PBXNativeTarget "MultipeerKit_OSXTests" */ = {
			isa = XCConfigurationList;
			buildConfigurations = (
				3ACE21C71A0C0E4700828800 /* Debug */,
				3ACE21C81A0C0E4700828800 /* Release */,
			);
			defaultConfigurationIsVisible = 0;
			defaultConfigurationName = Release;
		};
/* End XCConfigurationList section */
	};
	rootObject = 3ACE21A41A0C0E4700828800 /* Project object */;
}
